{
  "name": "dsa_project",
  "lockfileVersion": 2,
  "requires": true,
  "packages": {
    "": {
      "dependencies": {
        "p5": "^1.5.0"
      }
    },
    "node_modules/p5": {
      "version": "1.5.0",
      "resolved": "https://registry.npmjs.org/p5/-/p5-1.5.0.tgz",
      "integrity": "sha512-zZFMVUmGkXe2G5H6Sw7xsVhgdxMyEN/6SZnZqYdQ51513kTqPslLnukkwTbGf8YtW0RetTU0FTjYQMXnFD7KnQ=="
    }
  },
  "dependencies": {
    "p5": {
      "version": "1.5.0",
      "resolved": "https://registry.npmjs.org/p5/-/p5-1.5.0.tgz",
      "integrity": "sha512-zZFMVUmGkXe2G5H6Sw7xsVhgdxMyEN/6SZnZqYdQ51513kTqPslLnukkwTbGf8YtW0RetTU0FTjYQMXnFD7KnQ=="
    }
  }
}
